
Microsoft Visual Studio Solution File, Format Version 12.00
# Visual Studio Version 16
VisualStudioVersion = 16.0.29102.190
MinimumVisualStudioVersion = 10.0.40219.1
Project("{9A19103F-16F7-4668-BE54-9A1E7A4F7556}") = "EFramework.Core", "EFramework.Core.csproj", "{9EDEFFD8-A943-4FA8-B059-8D52A6269E33}"
EndProject
Project("{9A19103F-16F7-4668-BE54-9A1E7A4F7556}") = "EFrameworkTest", "..\EFrameworkTest\EFrameworkTest.csproj", "{A963ADDA-B2EA-4F2B-A2D9-3FE5CD2010A0}"
EndProject
Project("{9A19103F-16F7-4668-BE54-9A1E7A4F7556}") = "EFramework.Network", "..\EFramework.Network\EFramework.Network.csproj", "{9EFFC56D-3532-4F63-92FC-6650C934C810}"
EndProject
Project("{FAE04EC0-301F-11D3-BF4B-00C04F79EFBC}") = "EFramework", "..\EFramework\EFramework.csproj", "{7019993C-03AC-4D17-93A3-AEF24FA81A5D}"
EndProject
Global
	GlobalSection(SolutionConfigurationPlatforms) = preSolution
		Debug|Any CPU = Debug|Any CPU
		Release|Any CPU = Release|Any CPU
	EndGlobalSection
	GlobalSection(ProjectConfigurationPlatforms) = postSolution
		{9EDEFFD8-A943-4FA8-B059-8D52A6269E33}.Debug|Any CPU.ActiveCfg = Debug|Any CPU
		{9EDEFFD8-A943-4FA8-B059-8D52A6269E33}.Debug|Any CPU.Build.0 = Debug|Any CPU
		{9EDEFFD8-A943-4FA8-B059-8D52A6269E33}.Release|Any CPU.ActiveCfg = Release|Any CPU
		{9EDEFFD8-A943-4FA8-B059-8D52A6269E33}.Release|Any CPU.Build.0 = Release|Any CPU
		{A963ADDA-B2EA-4F2B-A2D9-3FE5CD2010A0}.Debug|Any CPU.ActiveCfg = Debug|Any CPU
		{A963ADDA-B2EA-4F2B-A2D9-3FE5CD2010A0}.Debug|Any CPU.Build.0 = Debug|Any CPU
		{A963ADDA-B2EA-4F2B-A2D9-3FE5CD2010A0}.Release|Any CPU.ActiveCfg = Release|Any CPU
		{A963ADDA-B2EA-4F2B-A2D9-3FE5CD2010A0}.Release|Any CPU.Build.0 = Release|Any CPU
		{9EFFC56D-3532-4F63-92FC-6650C934C810}.Debug|Any CPU.ActiveCfg = Debug|Any CPU
		{9EFFC56D-3532-4F63-92FC-6650C934C810}.Debug|Any CPU.Build.0 = Debug|Any CPU
		{9EFFC56D-3532-4F63-92FC-6650C934C810}.Release|Any CPU.ActiveCfg = Release|Any CPU
		{9EFFC56D-3532-4F63-92FC-6650C934C810}.Release|Any CPU.Build.0 = Release|Any CPU
		{7019993C-03AC-4D17-93A3-AEF24FA81A5D}.Debug|Any CPU.ActiveCfg = Debug|Any CPU
		{7019993C-03AC-4D17-93A3-AEF24FA81A5D}.Debug|Any CPU.Build.0 = Debug|Any CPU
		{7019993C-03AC-4D17-93A3-AEF24FA81A5D}.Release|Any CPU.ActiveCfg = Release|Any CPU
		{7019993C-03AC-4D17-93A3-AEF24FA81A5D}.Release|Any CPU.Build.0 = Release|Any CPU
	EndGlobalSection
	GlobalSection(SolutionProperties) = preSolution
		HideSolutionNode = FALSE
	EndGlobalSection
	GlobalSection(ExtensibilityGlobals) = postSolution
		SolutionGuid = {5F566C39-9249-4B0F-9072-4FA12C3F989A}
	EndGlobalSection
EndGlobal
